// !$*UTF8*$!
{
	archiveVersion = 1;
	classes = {
	};
	objectVersion = 46;
	objects = {

/* Begin PBXBuildFile section */
		4D52C5F01B3D9AF400E8F703 /* LaunchScreen.xib in Resources */ = {isa = PBXBuildFile; fileRef = 4D52C5EE1B3D9AF400E8F703 /* LaunchScreen.xib */; };
		4D52C6601B3D9DFA00E8F703 /* AppDelegate.swift in Sources */ = {isa = PBXBuildFile; fileRef = 4D52C6441B3D9DFA00E8F703 /* AppDelegate.swift */; };
		4D52C6611B3D9DFA00E8F703 /* BaseViewController.swift in Sources */ = {isa = PBXBuildFile; fileRef = 4D52C6471B3D9DFA00E8F703 /* BaseViewController.swift */; };
		4D52C6621B3D9DFA00E8F703 /* Messages.strings in Resources */ = {isa = PBXBuildFile; fileRef = 4D52C6491B3D9DFA00E8F703 /* Messages.strings */; };
		4D52C6631B3D9DFA00E8F703 /* Messages.swift in Sources */ = {isa = PBXBuildFile; fileRef = 4D52C64A1B3D9DFA00E8F703 /* Messages.swift */; };
		4D52C6641B3D9DFA00E8F703 /* BaseTableViewManager.swift in Sources */ = {isa = PBXBuildFile; fileRef = 4D52C64C1B3D9DFA00E8F703 /* BaseTableViewManager.swift */; };
		4D52C6651B3D9DFA00E8F703 /* TesteTableViewCell.swift in Sources */ = {isa = PBXBuildFile; fileRef = 4D52C64D1B3D9DFA00E8F703 /* TesteTableViewCell.swift */; };
		4D52C6661B3D9DFA00E8F703 /* TesteTableViewCell.xib in Resources */ = {isa = PBXBuildFile; fileRef = 4D52C64E1B3D9DFA00E8F703 /* TesteTableViewCell.xib */; };
		4D52C6671B3D9DFA00E8F703 /* TesteTableViewManager.swift in Sources */ = {isa = PBXBuildFile; fileRef = 4D52C64F1B3D9DFA00E8F703 /* TesteTableViewManager.swift */; };
		4D52C6681B3D9DFA00E8F703 /* BaseComponentsView.swift in Sources */ = {isa = PBXBuildFile; fileRef = 4D52C6521B3D9DFA00E8F703 /* BaseComponentsView.swift */; };
		4D52C6691B3D9DFA00E8F703 /* Header.swift in Sources */ = {isa = PBXBuildFile; fileRef = 4D52C6541B3D9DFA00E8F703 /* Header.swift */; };
		4D52C66A1B3D9DFA00E8F703 /* Header.xib in Resources */ = {isa = PBXBuildFile; fileRef = 4D52C6551B3D9DFA00E8F703 /* Header.xib */; };
		4D52C66B1B3D9DFA00E8F703 /* Placeholder.swift in Sources */ = {isa = PBXBuildFile; fileRef = 4D52C6571B3D9DFA00E8F703 /* Placeholder.swift */; };
		4D52C66C1B3D9DFA00E8F703 /* Placeholder.xib in Resources */ = {isa = PBXBuildFile; fileRef = 4D52C6581B3D9DFA00E8F703 /* Placeholder.xib */; };
		4D52C66D1B3D9DFA00E8F703 /* NewTableViewCell.swift in Sources */ = {isa = PBXBuildFile; fileRef = 4D52C65A1B3D9DFA00E8F703 /* NewTableViewCell.swift */; };
		4D52C66E1B3D9DFA00E8F703 /* NewTableViewCell.xib in Resources */ = {isa = PBXBuildFile; fileRef = 4D52C65B1B3D9DFA00E8F703 /* NewTableViewCell.xib */; };
		4D52C66F1B3D9DFA00E8F703 /* HomeViewController.swift in Sources */ = {isa = PBXBuildFile; fileRef = 4D52C65E1B3D9DFA00E8F703 /* HomeViewController.swift */; };
		4D52C6701B3D9DFA00E8F703 /* HomeViewController.xib in Resources */ = {isa = PBXBuildFile; fileRef = 4D52C65F1B3D9DFA00E8F703 /* HomeViewController.xib */; };
		4D52C6761B3DA12900E8F703 /* Images.xcassets in Resources */ = {isa = PBXBuildFile; fileRef = 4D52C6751B3DA12900E8F703 /* Images.xcassets */; };
/* End PBXBuildFile section */

/* Begin PBXContainerItemProxy section */
		4D52C5F61B3D9AF400E8F703 /* PBXContainerItemProxy */ = {
			isa = PBXContainerItemProxy;
			containerPortal = 4D52C5D81B3D9AF400E8F703 /* Project object */;
			proxyType = 1;
			remoteGlobalIDString = 4D52C5DF1B3D9AF400E8F703;
			remoteInfo = SwiftStudies;
		};
/* End PBXContainerItemProxy section */

/* Begin PBXFileReference section */
		4D52C5E01B3D9AF400E8F703 /* SwiftStudies.app */ = {isa = PBXFileReference; explicitFileType = wrapper.application; includeInIndex = 0; path = SwiftStudies.app; sourceTree = BUILT_PRODUCTS_DIR; };
		4D52C5E41B3D9AF400E8F703 /* Info.plist */ = {isa = PBXFileReference; lastKnownFileType = text.plist.xml; name = Info.plist; path = ../Info.plist; sourceTree = "<group>"; };
		4D52C5EF1B3D9AF400E8F703 /* Base */ = {isa = PBXFileReference; lastKnownFileType = file.xib; name = Base; path = Base.lproj/LaunchScreen.xib; sourceTree = "<group>"; };
		4D52C5F51B3D9AF400E8F703 /* SwiftStudiesTests.xctest */ = {isa = PBXFileReference; explicitFileType = wrapper.cfbundle; includeInIndex = 0; path = SwiftStudiesTests.xctest; sourceTree = BUILT_PRODUCTS_DIR; };
		4D52C6441B3D9DFA00E8F703 /* AppDelegate.swift */ = {isa = PBXFileReference; fileEncoding = 4; lastKnownFileType = sourcecode.swift; path = AppDelegate.swift; sourceTree = "<group>"; };
		4D52C6471B3D9DFA00E8F703 /* BaseViewController.swift */ = {isa = PBXFileReference; fileEncoding = 4; lastKnownFileType = sourcecode.swift; path = BaseViewController.swift; sourceTree = "<group>"; };
		4D52C6491B3D9DFA00E8F703 /* Messages.strings */ = {isa = PBXFileReference; fileEncoding = 4; lastKnownFileType = text.plist.strings; path = Messages.strings; sourceTree = "<group>"; };
		4D52C64A1B3D9DFA00E8F703 /* Messages.swift */ = {isa = PBXFileReference; fileEncoding = 4; lastKnownFileType = sourcecode.swift; path = Messages.swift; sourceTree = "<group>"; };
		4D52C64C1B3D9DFA00E8F703 /* BaseTableViewManager.swift */ = {isa = PBXFileReference; fileEncoding = 4; lastKnownFileType = sourcecode.swift; path = BaseTableViewManager.swift; sourceTree = "<group>"; };
		4D52C64D1B3D9DFA00E8F703 /* TesteTableViewCell.swift */ = {isa = PBXFileReference; fileEncoding = 4; lastKnownFileType = sourcecode.swift; path = TesteTableViewCell.swift; sourceTree = "<group>"; };
		4D52C64E1B3D9DFA00E8F703 /* TesteTableViewCell.xib */ = {isa = PBXFileReference; fileEncoding = 4; lastKnownFileType = file.xib; path = TesteTableViewCell.xib; sourceTree = "<group>"; };
		4D52C64F1B3D9DFA00E8F703 /* TesteTableViewManager.swift */ = {isa = PBXFileReference; fileEncoding = 4; lastKnownFileType = sourcecode.swift; path = TesteTableViewManager.swift; sourceTree = "<group>"; };
		4D52C6521B3D9DFA00E8F703 /* BaseComponentsView.swift */ = {isa = PBXFileReference; fileEncoding = 4; lastKnownFileType = sourcecode.swift; path = BaseComponentsView.swift; sourceTree = "<group>"; };
		4D52C6541B3D9DFA00E8F703 /* Header.swift */ = {isa = PBXFileReference; fileEncoding = 4; lastKnownFileType = sourcecode.swift; path = Header.swift; sourceTree = "<group>"; };
		4D52C6551B3D9DFA00E8F703 /* Header.xib */ = {isa = PBXFileReference; fileEncoding = 4; lastKnownFileType = file.xib; path = Header.xib; sourceTree = "<group>"; };
		4D52C6571B3D9DFA00E8F703 /* Placeholder.swift */ = {isa = PBXFileReference; fileEncoding = 4; lastKnownFileType = sourcecode.swift; path = Placeholder.swift; sourceTree = "<group>"; };
		4D52C6581B3D9DFA00E8F703 /* Placeholder.xib */ = {isa = PBXFileReference; fileEncoding = 4; lastKnownFileType = file.xib; path = Placeholder.xib; sourceTree = "<group>"; };
		4D52C65A1B3D9DFA00E8F703 /* NewTableViewCell.swift */ = {isa = PBXFileReference; fileEncoding = 4; lastKnownFileType = sourcecode.swift; path = NewTableViewCell.swift; sourceTree = "<group>"; };
		4D52C65B1B3D9DFA00E8F703 /* NewTableViewCell.xib */ = {isa = PBXFileReference; fileEncoding = 4; lastKnownFileType = file.xib; path = NewTableViewCell.xib; sourceTree = "<group>"; };
		4D52C65E1B3D9DFA00E8F703 /* HomeViewController.swift */ = {isa = PBXFileReference; fileEncoding = 4; lastKnownFileType = sourcecode.swift; path = HomeViewController.swift; sourceTree = "<group>"; };
		4D52C65F1B3D9DFA00E8F703 /* HomeViewController.xib */ = {isa = PBXFileReference; fileEncoding = 4; lastKnownFileType = file.xib; path = HomeViewController.xib; sourceTree = "<group>"; };
		4D52C6751B3DA12900E8F703 /* Images.xcassets */ = {isa = PBXFileReference; lastKnownFileType = folder.assetcatalog; path = Images.xcassets; sourceTree = "<group>"; };
/* End PBXFileReference section */

/* Begin PBXFrameworksBuildPhase section */
		4D52C5DD1B3D9AF400E8F703 /* Frameworks */ = {
			isa = PBXFrameworksBuildPhase;
			buildActionMask = 2147483647;
			files = (
			);
			runOnlyForDeploymentPostprocessing = 0;
		};
		4D52C5F21B3D9AF400E8F703 /* Frameworks */ = {
			isa = PBXFrameworksBuildPhase;
			buildActionMask = 2147483647;
			files = (
			);
			runOnlyForDeploymentPostprocessing = 0;
		};
/* End PBXFrameworksBuildPhase section */

/* Begin PBXGroup section */
		4D52C5D71B3D9AF400E8F703 = {
			isa = PBXGroup;
			children = (
				4D52C5E21B3D9AF400E8F703 /* SwiftStudies */,
				4D52C5E11B3D9AF400E8F703 /* Products */,
			);
			sourceTree = "<group>";
		};
		4D52C5E11B3D9AF400E8F703 /* Products */ = {
			isa = PBXGroup;
			children = (
				4D52C5E01B3D9AF400E8F703 /* SwiftStudies.app */,
				4D52C5F51B3D9AF400E8F703 /* SwiftStudiesTests.xctest */,
			);
			name = Products;
			sourceTree = "<group>";
		};
		4D52C5E21B3D9AF400E8F703 /* SwiftStudies */ = {
			isa = PBXGroup;
			children = (
				4D52C6431B3D9DFA00E8F703 /* App */,
				4D52C6451B3D9DFA00E8F703 /* Components */,
				4D52C65C1B3D9DFA00E8F703 /* Modules */,
				4D52C6741B3DA12900E8F703 /* Resources */,
				4D52C6711B3DA0F700E8F703 /* SupportingFiles */,
				4D52C5EE1B3D9AF400E8F703 /* LaunchScreen.xib */,
			);
			path = SwiftStudies;
			sourceTree = "<group>";
		};
		4D52C6431B3D9DFA00E8F703 /* App */ = {
			isa = PBXGroup;
			children = (
				4D52C6441B3D9DFA00E8F703 /* AppDelegate.swift */,
			);
			path = App;
			sourceTree = "<group>";
		};
		4D52C6451B3D9DFA00E8F703 /* Components */ = {
			isa = PBXGroup;
			children = (
				4D52C6461B3D9DFA00E8F703 /* BaseViewController */,
				4D52C6481B3D9DFA00E8F703 /* Messages */,
				4D52C64B1B3D9DFA00E8F703 /* TableViewManager */,
				4D52C6501B3D9DFA00E8F703 /* ViewComponents */,
			);
			path = Components;
			sourceTree = "<group>";
		};
		4D52C6461B3D9DFA00E8F703 /* BaseViewController */ = {
			isa = PBXGroup;
			children = (
				4D52C6471B3D9DFA00E8F703 /* BaseViewController.swift */,
			);
			path = BaseViewController;
			sourceTree = "<group>";
		};
		4D52C6481B3D9DFA00E8F703 /* Messages */ = {
			isa = PBXGroup;
			children = (
				4D52C6491B3D9DFA00E8F703 /* Messages.strings */,
				4D52C64A1B3D9DFA00E8F703 /* Messages.swift */,
			);
			path = Messages;
			sourceTree = "<group>";
		};
		4D52C64B1B3D9DFA00E8F703 /* TableViewManager */ = {
			isa = PBXGroup;
			children = (
				4D52C64C1B3D9DFA00E8F703 /* BaseTableViewManager.swift */,
				4D52C64D1B3D9DFA00E8F703 /* TesteTableViewCell.swift */,
				4D52C64E1B3D9DFA00E8F703 /* TesteTableViewCell.xib */,
				4D52C64F1B3D9DFA00E8F703 /* TesteTableViewManager.swift */,
			);
			path = TableViewManager;
			sourceTree = "<group>";
		};
		4D52C6501B3D9DFA00E8F703 /* ViewComponents */ = {
			isa = PBXGroup;
			children = (
				4D52C6511B3D9DFA00E8F703 /* Base */,
				4D52C6531B3D9DFA00E8F703 /* Header */,
				4D52C6561B3D9DFA00E8F703 /* Placeholder */,
				4D52C6591B3D9DFA00E8F703 /* UITableViewCell */,
			);
			path = ViewComponents;
			sourceTree = "<group>";
		};
		4D52C6511B3D9DFA00E8F703 /* Base */ = {
			isa = PBXGroup;
			children = (
				4D52C6521B3D9DFA00E8F703 /* BaseComponentsView.swift */,
			);
			path = Base;
			sourceTree = "<group>";
		};
		4D52C6531B3D9DFA00E8F703 /* Header */ = {
			isa = PBXGroup;
			children = (
				4D52C6541B3D9DFA00E8F703 /* Header.swift */,
				4D52C6551B3D9DFA00E8F703 /* Header.xib */,
			);
			path = Header;
			sourceTree = "<group>";
		};
		4D52C6561B3D9DFA00E8F703 /* Placeholder */ = {
			isa = PBXGroup;
			children = (
				4D52C6571B3D9DFA00E8F703 /* Placeholder.swift */,
				4D52C6581B3D9DFA00E8F703 /* Placeholder.xib */,
			);
			path = Placeholder;
			sourceTree = "<group>";
		};
		4D52C6591B3D9DFA00E8F703 /* UITableViewCell */ = {
			isa = PBXGroup;
			children = (
				4D52C65A1B3D9DFA00E8F703 /* NewTableViewCell.swift */,
				4D52C65B1B3D9DFA00E8F703 /* NewTableViewCell.xib */,
			);
			path = UITableViewCell;
			sourceTree = "<group>";
		};
		4D52C65C1B3D9DFA00E8F703 /* Modules */ = {
			isa = PBXGroup;
			children = (
				4D52C65D1B3D9DFA00E8F703 /* Home */,
			);
			path = Modules;
			sourceTree = "<group>";
		};
		4D52C65D1B3D9DFA00E8F703 /* Home */ = {
			isa = PBXGroup;
			children = (
				4D52C65E1B3D9DFA00E8F703 /* HomeViewController.swift */,
				4D52C65F1B3D9DFA00E8F703 /* HomeViewController.xib */,
			);
			path = Home;
			sourceTree = "<group>";
		};
		4D52C6711B3DA0F700E8F703 /* SupportingFiles */ = {
			isa = PBXGroup;
			children = (
				4D52C5E41B3D9AF400E8F703 /* Info.plist */,
			);
			path = SupportingFiles;
			sourceTree = "<group>";
		};
		4D52C6741B3DA12900E8F703 /* Resources */ = {
			isa = PBXGroup;
			children = (
				4D52C6751B3DA12900E8F703 /* Images.xcassets */,
			);
			path = Resources;
			sourceTree = "<group>";
		};
/* End PBXGroup section */

/* Begin PBXNativeTarget section */
		4D52C5DF1B3D9AF400E8F703 /* SwiftStudies */ = {
			isa = PBXNativeTarget;
			buildConfigurationList = 4D52C5FF1B3D9AF400E8F703 /* Build configuration list for PBXNativeTarget "SwiftStudies" */;
			buildPhases = (
				4D52C5DC1B3D9AF400E8F703 /* Sources */,
				4D52C5DD1B3D9AF400E8F703 /* Frameworks */,
				4D52C5DE1B3D9AF400E8F703 /* Resources */,
			);
			buildRules = (
			);
			dependencies = (
			);
			name = SwiftStudies;
			productName = SwiftStudies;
			productReference = 4D52C5E01B3D9AF400E8F703 /* SwiftStudies.app */;
			productType = "com.apple.product-type.application";
		};
		4D52C5F41B3D9AF400E8F703 /* SwiftStudiesTests */ = {
			isa = PBXNativeTarget;
			buildConfigurationList = 4D52C6021B3D9AF400E8F703 /* Build configuration list for PBXNativeTarget "SwiftStudiesTests" */;
			buildPhases = (
				4D52C5F11B3D9AF400E8F703 /* Sources */,
				4D52C5F21B3D9AF400E8F703 /* Frameworks */,
				4D52C5F31B3D9AF400E8F703 /* Resources */,
			);
			buildRules = (
			);
			dependencies = (
				4D52C5F71B3D9AF400E8F703 /* PBXTargetDependency */,
			);
			name = SwiftStudiesTests;
			productName = SwiftStudiesTests;
			productReference = 4D52C5F51B3D9AF400E8F703 /* SwiftStudiesTests.xctest */;
			productType = "com.apple.product-type.bundle.unit-test";
		};
/* End PBXNativeTarget section */

/* Begin PBXProject section */
		4D52C5D81B3D9AF400E8F703 /* Project object */ = {
			isa = PBXProject;
			attributes = {
				LastUpgradeCheck = 0630;
				ORGANIZATIONNAME = viton;
				TargetAttributes = {
					4D52C5DF1B3D9AF400E8F703 = {
						CreatedOnToolsVersion = 6.3.2;
					};
					4D52C5F41B3D9AF400E8F703 = {
						CreatedOnToolsVersion = 6.3.2;
						TestTargetID = 4D52C5DF1B3D9AF400E8F703;
					};
				};
			};
			buildConfigurationList = 4D52C5DB1B3D9AF400E8F703 /* Build configuration list for PBXProject "SwiftStudies" */;
			compatibilityVersion = "Xcode 3.2";
			developmentRegion = English;
			hasScannedForEncodings = 0;
			knownRegions = (
				en,
				Base,
			);
			mainGroup = 4D52C5D71B3D9AF400E8F703;
			productRefGroup = 4D52C5E11B3D9AF400E8F703 /* Products */;
			projectDirPath = "";
			projectRoot = "";
			targets = (
				4D52C5DF1B3D9AF400E8F703 /* SwiftStudies */,
				4D52C5F41B3D9AF400E8F703 /* SwiftStudiesTests */,
			);
		};
/* End PBXProject section */

/* Begin PBXResourcesBuildPhase section */
		4D52C5DE1B3D9AF400E8F703 /* Resources */ = {
			isa = PBXResourcesBuildPhase;
			buildActionMask = 2147483647;
			files = (
				4D52C6761B3DA12900E8F703 /* Images.xcassets in Resources */,
				4D52C6621B3D9DFA00E8F703 /* Messages.strings in Resources */,
				4D52C66E1B3D9DFA00E8F703 /* NewTableViewCell.xib in Resources */,
				4D52C66C1B3D9DFA00E8F703 /* Placeholder.xib in Resources */,
				4D52C5F01B3D9AF400E8F703 /* LaunchScreen.xib in Resources */,
				4D52C6661B3D9DFA00E8F703 /* TesteTableViewCell.xib in Resources */,
				4D52C66A1B3D9DFA00E8F703 /* Header.xib in Resources */,
				4D52C6701B3D9DFA00E8F703 /* HomeViewController.xib in Resources */,
			);
			runOnlyForDeploymentPostprocessing = 0;
		};
		4D52C5F31B3D9AF400E8F703 /* Resources */ = {
			isa = PBXResourcesBuildPhase;
			buildActionMask = 2147483647;
			files = (
			);
			runOnlyForDeploymentPostprocessing = 0;
		};
/* End PBXResourcesBuildPhase section */

/* Begin PBXSourcesBuildPhase section */
		4D52C5DC1B3D9AF400E8F703 /* Sources */ = {
			isa = PBXSourcesBuildPhase;
			buildActionMask = 2147483647;
			files = (
				4D52C6601B3D9DFA00E8F703 /* AppDelegate.swift in Sources */,
				4D52C66B1B3D9DFA00E8F703 /* Placeholder.swift in Sources */,
				4D52C6691B3D9DFA00E8F703 /* Header.swift in Sources */,
				4D52C66D1B3D9DFA00E8F703 /* NewTableViewCell.swift in Sources */,
				4D52C6651B3D9DFA00E8F703 /* TesteTableViewCell.swift in Sources */,
				4D52C6671B3D9DFA00E8F703 /* TesteTableViewManager.swift in Sources */,
				4D52C6641B3D9DFA00E8F703 /* BaseTableViewManager.swift in Sources */,
				4D52C6631B3D9DFA00E8F703 /* Messages.swift in Sources */,
				4D52C6611B3D9DFA00E8F703 /* BaseViewController.swift in Sources */,
				4D52C6681B3D9DFA00E8F703 /* BaseComponentsView.swift in Sources */,
				4D52C66F1B3D9DFA00E8F703 /* HomeViewController.swift in Sources */,
			);
			runOnlyForDeploymentPostprocessing = 0;
		};
		4D52C5F11B3D9AF400E8F703 /* Sources */ = {
			isa = PBXSourcesBuildPhase;
			buildActionMask = 2147483647;
			files = (
			);
			runOnlyForDeploymentPostprocessing = 0;
		};
/* End PBXSourcesBuildPhase section */

/* Begin PBXTargetDependency section */
		4D52C5F71B3D9AF400E8F703 /* PBXTargetDependency */ = {
			isa = PBXTargetDependency;
			target = 4D52C5DF1B3D9AF400E8F703 /* SwiftStudies */;
			targetProxy = 4D52C5F61B3D9AF400E8F703 /* PBXContainerItemProxy */;
		};
/* End PBXTargetDependency section */

/* Begin PBXVariantGroup section */
		4D52C5EE1B3D9AF400E8F703 /* LaunchScreen.xib */ = {
			isa = PBXVariantGroup;
			children = (
				4D52C5EF1B3D9AF400E8F703 /* Base */,
			);
			name = LaunchScreen.xib;
			sourceTree = "<group>";
		};
/* End PBXVariantGroup section */

/* Begin XCBuildConfiguration section */
		4D52C5FD1B3D9AF400E8F703 /* Debug */ = {
			isa = XCBuildConfiguration;
			buildSettings = {
				ALWAYS_SEARCH_USER_PATHS = NO;
				CLANG_CXX_LANGUAGE_STANDARD = "gnu++0x";
				CLANG_CXX_LIBRARY = "libc++";
				CLANG_ENABLE_MODULES = YES;
				CLANG_ENABLE_OBJC_ARC = YES;
				CLANG_WARN_BOOL_CONVERSION = YES;
				CLANG_WARN_CONSTANT_CONVERSION = YES;
				CLANG_WARN_DIRECT_OBJC_ISA_USAGE = YES_ERROR;
				CLANG_WARN_EMPTY_BODY = YES;
				CLANG_WARN_ENUM_CONVERSION = YES;
				CLANG_WARN_INT_CONVERSION = YES;
				CLANG_WARN_OBJC_ROOT_CLASS = YES_ERROR;
				CLANG_WARN_UNREACHABLE_CODE = YES;
				CLANG_WARN__DUPLICATE_METHOD_MATCH = YES;
				"CODE_SIGN_IDENTITY[sdk=iphoneos*]" = "iPhone Developer";
				COPY_PHASE_STRIP = NO;
				DEBUG_INFORMATION_FORMAT = "dwarf-with-dsym";
				ENABLE_STRICT_OBJC_MSGSEND = YES;
				GCC_C_LANGUAGE_STANDARD = gnu99;
				GCC_DYNAMIC_NO_PIC = NO;
				GCC_NO_COMMON_BLOCKS = YES;
				GCC_OPTIMIZATION_LEVEL = 0;
				GCC_PREPROCESSOR_DEFINITIONS = (
					"DEBUG=1",
					"$(inherited)",
				);
				GCC_SYMBOLS_PRIVATE_EXTERN = NO;
				GCC_WARN_64_TO_32_BIT_CONVERSION = YES;
				GCC_WARN_ABOUT_RETURN_TYPE = YES_ERROR;
				GCC_WARN_UNDECLARED_SELECTOR = YES;
				GCC_WARN_UNINITIALIZED_AUTOS = YES_AGGRESSIVE;
				GCC_WARN_UNUSED_FUNCTION = YES;
				GCC_WARN_UNUSED_VARIABLE = YES;
				IPHONEOS_DEPLOYMENT_TARGET = 8.3;
				MTL_ENABLE_DEBUG_INFO = YES;
				ONLY_ACTIVE_ARCH = YES;
				SDKROOT = iphoneos;
				SWIFT_OPTIMIZATION_LEVEL = "-Onone";
			};
			name = Debug;
		};
		4D52C5FE1B3D9AF400E8F703 /* Release */ = {
			isa = XCBuildConfiguration;
			buildSettings = {
				ALWAYS_SEARCH_USER_PATHS = NO;
				CLANG_CXX_LANGUAGE_STANDARD = "gnu++0x";
				CLANG_CXX_LIBRARY = "libc++";
				CLANG_ENABLE_MODULES = YES;
				CLANG_ENABLE_OBJC_ARC = YES;
				CLANG_WARN_BOOL_CONVERSION = YES;
				CLANG_WARN_CONSTANT_CONVERSION = YES;
				CLANG_WARN_DIRECT_OBJC_ISA_USAGE = YES_ERROR;
				CLANG_WARN_EMPTY_BODY = YES;
				CLANG_WARN_ENUM_CONVERSION = YES;
				CLANG_WARN_INT_CONVERSION = YES;
				CLANG_WARN_OBJC_ROOT_CLASS = YES_ERROR;
				CLANG_WARN_UNREACHABLE_CODE = YES;
				CLANG_WARN__DUPLICATE_METHOD_MATCH = YES;
				"CODE_SIGN_IDENTITY[sdk=iphoneos*]" = "iPhone Developer";
				COPY_PHASE_STRIP = NO;
				DEBUG_INFORMATION_FORMAT = "dwarf-with-dsym";
				ENABLE_NS_ASSERTIONS = NO;
				ENABLE_STRICT_OBJC_MSGSEND = YES;
				GCC_C_LANGUAGE_STANDARD = gnu99;
				GCC_NO_COMMON_BLOCKS = YES;
				GCC_WARN_64_TO_32_BIT_CONVERSION = YES;
				GCC_WARN_ABOUT_RETURN_TYPE = YES_ERROR;
				GCC_WARN_UNDECLARED_SELECTOR = YES;
				GCC_WARN_UNINITIALIZED_AUTOS = YES_AGGRESSIVE;
				GCC_WARN_UNUSED_FUNCTION = YES;
				GCC_WARN_UNUSED_VARIABLE = YES;
				IPHONEOS_DEPLOYMENT_TARGET = 8.3;
				MTL_ENABLE_DEBUG_INFO = NO;
				SDKROOT = iphoneos;
				VALIDATE_PRODUCT = YES;
			};
			name = Release;
		};
		4D52C6001B3D9AF400E8F703 /* Debug */ = {
			isa = XCBuildConfiguration;
			buildSettings = {
				ASSETCATALOG_COMPILER_APPICON_NAME = AppIcon;
				INFOPLIST_FILE = SwiftStudies/Info.plist;
				IPHONEOS_DEPLOYMENT_TARGET = 7.0;
				LD_RUNPATH_SEARCH_PATHS = "$(inherited) @executable_path/Frameworks";
				PRODUCT_NAME = "$(TARGET_NAME)";
			};
			name = Debug;
		};
		4D52C6011B3D9AF400E8F703 /* Release */ = {
			isa = XCBuildConfiguration;
			buildSettings = {
				ASSETCATALOG_COMPILER_APPICON_NAME = AppIcon;
				INFOPLIST_FILE = SwiftStudies/Info.plist;
				IPHONEOS_DEPLOYMENT_TARGET = 7.0;
				LD_RUNPATH_SEARCH_PATHS = "$(inherited) @executable_path/Frameworks";
				PRODUCT_NAME = "$(TARGET_NAME)";
			};
			name = Release;
		};
		4D52C6031B3D9AF400E8F703 /* Debug */ = {
			isa = XCBuildConfiguration;
			buildSettings = {
				BUNDLE_LOADER = "$(TEST_HOST)";
				FRAMEWORK_SEARCH_PATHS = (
					"$(SDKROOT)/Developer/Library/Frameworks",
					"$(inherited)",
				);
				GCC_PREPROCESSOR_DEFINITIONS = (
					"DEBUG=1",
					"$(inherited)",
				);
				LD_RUNPATH_SEARCH_PATHS = "$(inherited) @executable_path/Frameworks @loader_path/Frameworks";
				PRODUCT_NAME = "$(TARGET_NAME)";
				TEST_HOST = "$(BUILT_PRODUCTS_DIR)/SwiftStudies.app/SwiftStudies";
			};
			name = Debug;
		};
		4D52C6041B3D9AF400E8F703 /* Release */ = {
			isa = XCBuildConfiguration;
			buildSettings = {
				BUNDLE_LOADER = "$(TEST_HOST)";
				FRAMEWORK_SEARCH_PATHS = (
					"$(SDKROOT)/Developer/Library/Frameworks",
					"$(inherited)",
				);
				LD_RUNPATH_SEARCH_PATHS = "$(inherited) @executable_path/Frameworks @loader_path/Frameworks";
				PRODUCT_NAME = "$(TARGET_NAME)";
				TEST_HOST = "$(BUILT_PRODUCTS_DIR)/SwiftStudies.app/SwiftStudies";
			};
			name = Release;
		};
/* End XCBuildConfiguration section */

/* Begin XCConfigurationList section */
		4D52C5DB1B3D9AF400E8F703 /* Build configuration list for PBXProject "SwiftStudies" */ = {
			isa = XCConfigurationList;
			buildConfigurations = (
				4D52C5FD1B3D9AF400E8F703 /* Debug */,
				4D52C5FE1B3D9AF400E8F703 /* Release */,
			);
			defaultConfigurationIsVisible = 0;
			defaultConfigurationName = Release;
		};
		4D52C5FF1B3D9AF400E8F703 /* Build configuration list for PBXNativeTarget "SwiftStudies" */ = {
			isa = XCConfigurationList;
			buildConfigurations = (
				4D52C6001B3D9AF400E8F703 /* Debug */,
				4D52C6011B3D9AF400E8F703 /* Release */,
			);
			defaultConfigurationIsVisible = 0;
		};
		4D52C6021B3D9AF400E8F703 /* Build configuration list for PBXNativeTarget "SwiftStudiesTests" */ = {
			isa = XCConfigurationList;
			buildConfigurations = (
				4D52C6031B3D9AF400E8F703 /* Debug */,
				4D52C6041B3D9AF400E8F703 /* Release */,
			);
			defaultConfigurationIsVisible = 0;
		};
/* End XCConfigurationList section */
	};
	rootObject = 4D52C5D81B3D9AF400E8F703 /* Project object */;
}
